
Microsoft Visual Studio Solution File, Format Version 12.00
# Visual Studio Version 17
VisualStudioVersion = 17.1.32414.318
MinimumVisualStudioVersion = 10.0.40219.1
Project("{FAE04EC0-301F-11D3-BF4B-00C04F79EFBC}") = "Patrick Crypter Builder", "Patrick Jane Crypter Builder\Patrick Crypter Builder.csproj", "{7CBB6944-BCC5-451F-8157-3F7372DD8788}"
EndProject
Global
	GlobalSection(SolutionConfigurationPlatforms) = preSolution
		Debug|Any CPU = Debug|Any CPU
		Release|Any CPU = Release|Any CPU
	EndGlobalSection
	GlobalSection(ProjectConfigurationPlatforms) = postSolution
		{7CBB6944-BCC5-451F-8157-3F7372DD8788}.Debug|Any CPU.ActiveCfg = Debug|Any CPU
		{7CBB6944-BCC5-451F-8157-3F7372DD8788}.Debug|Any CPU.Build.0 = Debug|Any CPU
		{7CBB6944-BCC5-451F-8157-3F7372DD8788}.Release|Any CPU.ActiveCfg = Release|Any CPU
		{7CBB6944-BCC5-451F-8157-3F7372DD8788}.Release|Any CPU.Build.0 = Release|Any CPU
	EndGlobalSection
	GlobalSection(SolutionProperties) = preSolution
		HideSolutionNode = FALSE
	EndGlobalSection
	GlobalSection(ExtensibilityGlobals) = postSolution
		SolutionGuid = {087D9DB1-B0EE-4E09-94A5-2B6105BE17CC}
	EndGlobalSection
EndGlobal
